// !$*UTF8*$!
{
	archiveVersion = 1;
	classes = {
	};
	objectVersion = 51;
	objects = {

/* Begin PBXBuildFile section */
		27ACB4A8777158DF5BDA3E30 /* libPods-Test.a in Frameworks */ = {isa = PBXBuildFile; fileRef = D2BED6E103555E6CDEB4BA72 /* libPods-Test.a */; };
		6BF5300D2442C7A2008E9B85 /* AppDelegate.m in Sources */ = {isa = PBXBuildFile; fileRef = 6BF5300C2442C7A2008E9B85 /* AppDelegate.m */; };
		6BF530102442C7A2008E9B85 /* SceneDelegate.m in Sources */ = {isa = PBXBuildFile; fileRef = 6BF5300F2442C7A2008E9B85 /* SceneDelegate.m */; };
		6BF530132442C7A2008E9B85 /* ViewController.m in Sources */ = {isa = PBXBuildFile; fileRef = 6BF530122442C7A2008E9B85 /* ViewController.m */; };
		6BF530162442C7A2008E9B85 /* Main.storyboard in Resources */ = {isa = PBXBuildFile; fileRef = 6BF530142442C7A2008E9B85 /* Main.storyboard */; };
		6BF530182442C7A4008E9B85 /* Assets.xcassets in Resources */ = {isa = PBXBuildFile; fileRef = 6BF530172442C7A4008E9B85 /* Assets.xcassets */; };
		6BF5301B2442C7A4008E9B85 /* LaunchScreen.storyboard in Resources */ = {isa = PBXBuildFile; fileRef = 6BF530192442C7A4008E9B85 /* LaunchScreen.storyboard */; };
		6BF5301E2442C7A4008E9B85 /* main.m in Sources */ = {isa = PBXBuildFile; fileRef = 6BF5301D2442C7A4008E9B85 /* main.m */; };
		6BF530282442C7A4008E9B85 /* TestTests.m in Sources */ = {isa = PBXBuildFile; fileRef = 6BF530272442C7A4008E9B85 /* TestTests.m */; };
		6BF530332442C7A4008E9B85 /* TestUITests.m in Sources */ = {isa = PBXBuildFile; fileRef = 6BF530322442C7A4008E9B85 /* TestUITests.m */; };
		6BF530422442C88D008E9B85 /* LLNetworkManagerTool.m in Sources */ = {isa = PBXBuildFile; fileRef = 6BF530412442C88D008E9B85 /* LLNetworkManagerTool.m */; };
		6BF5304A2442C934008E9B85 /* mbprogress_fail@3x.png in Resources */ = {isa = PBXBuildFile; fileRef = 6BF530442442C934008E9B85 /* mbprogress_fail@3x.png */; };
		6BF5304B2442C934008E9B85 /* MBProgressHUD+LL.m in Sources */ = {isa = PBXBuildFile; fileRef = 6BF530452442C934008E9B85 /* MBProgressHUD+LL.m */; };
		6BF5304C2442C934008E9B85 /* mbprogress_fail@2x.png in Resources */ = {isa = PBXBuildFile; fileRef = 6BF530462442C934008E9B85 /* mbprogress_fail@2x.png */; };
		6BF5304D2442C934008E9B85 /* mbprogress_success@2x.png in Resources */ = {isa = PBXBuildFile; fileRef = 6BF530472442C934008E9B85 /* mbprogress_success@2x.png */; };
		6BF5304E2442C934008E9B85 /* mbprogress_success@3x.png in Resources */ = {isa = PBXBuildFile; fileRef = 6BF530482442C934008E9B85 /* mbprogress_success@3x.png */; };
		6BF530522442D0FE008E9B85 /* TestViewCell.m in Sources */ = {isa = PBXBuildFile; fileRef = 6BF530502442D0FE008E9B85 /* TestViewCell.m */; };
		6BF530532442D0FE008E9B85 /* TestViewCell.xib in Resources */ = {isa = PBXBuildFile; fileRef = 6BF530512442D0FE008E9B85 /* TestViewCell.xib */; };
		6BF530562442D2B4008E9B85 /* TestModel.m in Sources */ = {isa = PBXBuildFile; fileRef = 6BF530552442D2B4008E9B85 /* TestModel.m */; };
/* End PBXBuildFile section */

/* Begin PBXContainerItemProxy section */
		6BF530242442C7A4008E9B85 /* PBXContainerItemProxy */ = {
			isa = PBXContainerItemProxy;
			containerPortal = 6BF530002442C7A2008E9B85 /* Project object */;
			proxyType = 1;
			remoteGlobalIDString = 6BF530072442C7A2008E9B85;
			remoteInfo = Test;
		};
		6BF5302F2442C7A4008E9B85 /* PBXContainerItemProxy */ = {
			isa = PBXContainerItemProxy;
			containerPortal = 6BF530002442C7A2008E9B85 /* Project object */;
			proxyType = 1;
			remoteGlobalIDString = 6BF530072442C7A2008E9B85;
			remoteInfo = Test;
		};
/* End PBXContainerItemProxy section */

/* Begin PBXFileReference section */
		20B1A47F1ADF5E9D3C1EA332 /* Pods-Test.debug.xcconfig */ = {isa = PBXFileReference; includeInIndex = 1; lastKnownFileType = text.xcconfig; name = "Pods-Test.debug.xcconfig"; path = "Target Support Files/Pods-Test/Pods-Test.debug.xcconfig"; sourceTree = "<group>"; };
		6BF530082442C7A2008E9B85 /* Test.app */ = {isa = PBXFileReference; explicitFileType = wrapper.application; includeInIndex = 0; path = Test.app; sourceTree = BUILT_PRODUCTS_DIR; };
		6BF5300B2442C7A2008E9B85 /* AppDelegate.h */ = {isa = PBXFileReference; lastKnownFileType = sourcecode.c.h; path = AppDelegate.h; sourceTree = "<group>"; };
		6BF5300C2442C7A2008E9B85 /* AppDelegate.m */ = {isa = PBXFileReference; lastKnownFileType = sourcecode.c.objc; path = AppDelegate.m; sourceTree = "<group>"; };
		6BF5300E2442C7A2008E9B85 /* SceneDelegate.h */ = {isa = PBXFileReference; lastKnownFileType = sourcecode.c.h; path = SceneDelegate.h; sourceTree = "<group>"; };
		6BF5300F2442C7A2008E9B85 /* SceneDelegate.m */ = {isa = PBXFileReference; lastKnownFileType = sourcecode.c.objc; path = SceneDelegate.m; sourceTree = "<group>"; };
		6BF530112442C7A2008E9B85 /* ViewController.h */ = {isa = PBXFileReference; lastKnownFileType = sourcecode.c.h; path = ViewController.h; sourceTree = "<group>"; };
		6BF530122442C7A2008E9B85 /* ViewController.m */ = {isa = PBXFileReference; lastKnownFileType = sourcecode.c.objc; path = ViewController.m; sourceTree = "<group>"; };
		6BF530152442C7A2008E9B85 /* Base */ = {isa = PBXFileReference; lastKnownFileType = file.storyboard; name = Base; path = Base.lproj/Main.storyboard; sourceTree = "<group>"; };
		6BF530172442C7A4008E9B85 /* Assets.xcassets */ = {isa = PBXFileReference; lastKnownFileType = folder.assetcatalog; path = Assets.xcassets; sourceTree = "<group>"; };
		6BF5301A2442C7A4008E9B85 /* Base */ = {isa = PBXFileReference; lastKnownFileType = file.storyboard; name = Base; path = Base.lproj/LaunchScreen.storyboard; sourceTree = "<group>"; };
		6BF5301C2442C7A4008E9B85 /* Info.plist */ = {isa = PBXFileReference; lastKnownFileType = text.plist.xml; path = Info.plist; sourceTree = "<group>"; };
		6BF5301D2442C7A4008E9B85 /* main.m */ = {isa = PBXFileReference; lastKnownFileType = sourcecode.c.objc; path = main.m; sourceTree = "<group>"; };
		6BF530232442C7A4008E9B85 /* TestTests.xctest */ = {isa = PBXFileReference; explicitFileType = wrapper.cfbundle; includeInIndex = 0; path = TestTests.xctest; sourceTree = BUILT_PRODUCTS_DIR; };
		6BF530272442C7A4008E9B85 /* TestTests.m */ = {isa = PBXFileReference; lastKnownFileType = sourcecode.c.objc; path = TestTests.m; sourceTree = "<group>"; };
		6BF530292442C7A4008E9B85 /* Info.plist */ = {isa = PBXFileReference; lastKnownFileType = text.plist.xml; path = Info.plist; sourceTree = "<group>"; };
		6BF5302E2442C7A4008E9B85 /* TestUITests.xctest */ = {isa = PBXFileReference; explicitFileType = wrapper.cfbundle; includeInIndex = 0; path = TestUITests.xctest; sourceTree = BUILT_PRODUCTS_DIR; };
		6BF530322442C7A4008E9B85 /* TestUITests.m */ = {isa = PBXFileReference; lastKnownFileType = sourcecode.c.objc; path = TestUITests.m; sourceTree = "<group>"; };
		6BF530342442C7A4008E9B85 /* Info.plist */ = {isa = PBXFileReference; lastKnownFileType = text.plist.xml; path = Info.plist; sourceTree = "<group>"; };
		6BF530402442C88D008E9B85 /* LLNetworkManagerTool.h */ = {isa = PBXFileReference; fileEncoding = 4; lastKnownFileType = sourcecode.c.h; path = LLNetworkManagerTool.h; sourceTree = "<group>"; };
		6BF530412442C88D008E9B85 /* LLNetworkManagerTool.m */ = {isa = PBXFileReference; fileEncoding = 4; lastKnownFileType = sourcecode.c.objc; path = LLNetworkManagerTool.m; sourceTree = "<group>"; };
		6BF530442442C934008E9B85 /* mbprogress_fail@3x.png */ = {isa = PBXFileReference; lastKnownFileType = image.png; path = "mbprogress_fail@3x.png"; sourceTree = "<group>"; };
		6BF530452442C934008E9B85 /* MBProgressHUD+LL.m */ = {isa = PBXFileReference; fileEncoding = 4; lastKnownFileType = sourcecode.c.objc; path = "MBProgressHUD+LL.m"; sourceTree = "<group>"; };
		6BF530462442C934008E9B85 /* mbprogress_fail@2x.png */ = {isa = PBXFileReference; lastKnownFileType = image.png; path = "mbprogress_fail@2x.png"; sourceTree = "<group>"; };
		6BF530472442C934008E9B85 /* mbprogress_success@2x.png */ = {isa = PBXFileReference; lastKnownFileType = image.png; path = "mbprogress_success@2x.png"; sourceTree = "<group>"; };
		6BF530482442C934008E9B85 /* mbprogress_success@3x.png */ = {isa = PBXFileReference; lastKnownFileType = image.png; path = "mbprogress_success@3x.png"; sourceTree = "<group>"; };
		6BF530492442C934008E9B85 /* MBProgressHUD+LL.h */ = {isa = PBXFileReference; fileEncoding = 4; lastKnownFileType = sourcecode.c.h; path = "MBProgressHUD+LL.h"; sourceTree = "<group>"; };
		6BF5304F2442D0FE008E9B85 /* TestViewCell.h */ = {isa = PBXFileReference; lastKnownFileType = sourcecode.c.h; path = TestViewCell.h; sourceTree = "<group>"; };
		6BF530502442D0FE008E9B85 /* TestViewCell.m */ = {isa = PBXFileReference; lastKnownFileType = sourcecode.c.objc; path = TestViewCell.m; sourceTree = "<group>"; };
		6BF530512442D0FE008E9B85 /* TestViewCell.xib */ = {isa = PBXFileReference; lastKnownFileType = file.xib; path = TestViewCell.xib; sourceTree = "<group>"; };
		6BF530542442D2B3008E9B85 /* TestModel.h */ = {isa = PBXFileReference; lastKnownFileType = sourcecode.c.h; path = TestModel.h; sourceTree = "<group>"; };
		6BF530552442D2B4008E9B85 /* TestModel.m */ = {isa = PBXFileReference; lastKnownFileType = sourcecode.c.objc; path = TestModel.m; sourceTree = "<group>"; };
		B0C58BC82E4BCF09329AF23A /* Pods-Test.release.xcconfig */ = {isa = PBXFileReference; includeInIndex = 1; lastKnownFileType = text.xcconfig; name = "Pods-Test.release.xcconfig"; path = "Target Support Files/Pods-Test/Pods-Test.release.xcconfig"; sourceTree = "<group>"; };
		D2BED6E103555E6CDEB4BA72 /* libPods-Test.a */ = {isa = PBXFileReference; explicitFileType = archive.ar; includeInIndex = 0; path = "libPods-Test.a"; sourceTree = BUILT_PRODUCTS_DIR; };
/* End PBXFileReference section */

/* Begin PBXFrameworksBuildPhase section */
		6BF530052442C7A2008E9B85 /* Frameworks */ = {
			isa = PBXFrameworksBuildPhase;
			buildActionMask = 2147483647;
			files = (
				27ACB4A8777158DF5BDA3E30 /* libPods-Test.a in Frameworks */,
			);
			runOnlyForDeploymentPostprocessing = 0;
		};
		6BF530202442C7A4008E9B85 /* Frameworks */ = {
			isa = PBXFrameworksBuildPhase;
			buildActionMask = 2147483647;
			files = (
			);
			runOnlyForDeploymentPostprocessing = 0;
		};
		6BF5302B2442C7A4008E9B85 /* Frameworks */ = {
			isa = PBXFrameworksBuildPhase;
			buildActionMask = 2147483647;
			files = (
			);
			runOnlyForDeploymentPostprocessing = 0;
		};
/* End PBXFrameworksBuildPhase section */

/* Begin PBXGroup section */
		3EF08524B1EAF901E1088D67 /* Pods */ = {
			isa = PBXGroup;
			children = (
				20B1A47F1ADF5E9D3C1EA332 /* Pods-Test.debug.xcconfig */,
				B0C58BC82E4BCF09329AF23A /* Pods-Test.release.xcconfig */,
			);
			path = Pods;
			sourceTree = "<group>";
		};
		5024AF52354CCFD3EF7F0E49 /* Frameworks */ = {
			isa = PBXGroup;
			children = (
				D2BED6E103555E6CDEB4BA72 /* libPods-Test.a */,
			);
			name = Frameworks;
			sourceTree = "<group>";
		};
		6BF52FFF2442C7A2008E9B85 = {
			isa = PBXGroup;
			children = (
				6BF5300A2442C7A2008E9B85 /* Test */,
				6BF530262442C7A4008E9B85 /* TestTests */,
				6BF530312442C7A4008E9B85 /* TestUITests */,
				6BF530092442C7A2008E9B85 /* Products */,
				3EF08524B1EAF901E1088D67 /* Pods */,
				5024AF52354CCFD3EF7F0E49 /* Frameworks */,
			);
			sourceTree = "<group>";
		};
		6BF530092442C7A2008E9B85 /* Products */ = {
			isa = PBXGroup;
			children = (
				6BF530082442C7A2008E9B85 /* Test.app */,
				6BF530232442C7A4008E9B85 /* TestTests.xctest */,
				6BF5302E2442C7A4008E9B85 /* TestUITests.xctest */,
			);
			name = Products;
			sourceTree = "<group>";
		};
		6BF5300A2442C7A2008E9B85 /* Test */ = {
			isa = PBXGroup;
			children = (
				6BF5300B2442C7A2008E9B85 /* AppDelegate.h */,
				6BF5300C2442C7A2008E9B85 /* AppDelegate.m */,
				6BF5300E2442C7A2008E9B85 /* SceneDelegate.h */,
				6BF5300F2442C7A2008E9B85 /* SceneDelegate.m */,
				6BF530112442C7A2008E9B85 /* ViewController.h */,
				6BF530122442C7A2008E9B85 /* ViewController.m */,
				6BF530542442D2B3008E9B85 /* TestModel.h */,
				6BF530552442D2B4008E9B85 /* TestModel.m */,
				6BF5304F2442D0FE008E9B85 /* TestViewCell.h */,
				6BF530502442D0FE008E9B85 /* TestViewCell.m */,
				6BF530512442D0FE008E9B85 /* TestViewCell.xib */,
				6BF530402442C88D008E9B85 /* LLNetworkManagerTool.h */,
				6BF530412442C88D008E9B85 /* LLNetworkManagerTool.m */,
				6BF530432442C934008E9B85 /* MB+LL */,
				6BF530142442C7A2008E9B85 /* Main.storyboard */,
				6BF530172442C7A4008E9B85 /* Assets.xcassets */,
				6BF530192442C7A4008E9B85 /* LaunchScreen.storyboard */,
				6BF5301C2442C7A4008E9B85 /* Info.plist */,
				6BF5301D2442C7A4008E9B85 /* main.m */,
			);
			path = Test;
			sourceTree = "<group>";
		};
		6BF530262442C7A4008E9B85 /* TestTests */ = {
			isa = PBXGroup;
			children = (
				6BF530272442C7A4008E9B85 /* TestTests.m */,
				6BF530292442C7A4008E9B85 /* Info.plist */,
			);
			path = TestTests;
			sourceTree = "<group>";
		};
		6BF530312442C7A4008E9B85 /* TestUITests */ = {
			isa = PBXGroup;
			children = (
				6BF530322442C7A4008E9B85 /* TestUITests.m */,
				6BF530342442C7A4008E9B85 /* Info.plist */,
			);
			path = TestUITests;
			sourceTree = "<group>";
		};
		6BF530432442C934008E9B85 /* MB+LL */ = {
			isa = PBXGroup;
			children = (
				6BF530442442C934008E9B85 /* mbprogress_fail@3x.png */,
				6BF530452442C934008E9B85 /* MBProgressHUD+LL.m */,
				6BF530462442C934008E9B85 /* mbprogress_fail@2x.png */,
				6BF530472442C934008E9B85 /* mbprogress_success@2x.png */,
				6BF530482442C934008E9B85 /* mbprogress_success@3x.png */,
				6BF530492442C934008E9B85 /* MBProgressHUD+LL.h */,
			);
			path = "MB+LL";
			sourceTree = "<group>";
		};
/* End PBXGroup section */

/* Begin PBXNativeTarget section */
		6BF530072442C7A2008E9B85 /* Test */ = {
			isa = PBXNativeTarget;
			buildConfigurationList = 6BF530372442C7A4008E9B85 /* Build configuration list for PBXNativeTarget "Test" */;
			buildPhases = (
				F309B27783559905D9A5E715 /* [CP] Check Pods Manifest.lock */,
				6BF530042442C7A2008E9B85 /* Sources */,
				6BF530052442C7A2008E9B85 /* Frameworks */,
				6BF530062442C7A2008E9B85 /* Resources */,
				1B322EE3FDAAE0D176FC40D2 /* [CP] Copy Pods Resources */,
			);
			buildRules = (
			);
			dependencies = (
			);
			name = Test;
			productName = Test;
			productReference = 6BF530082442C7A2008E9B85 /* Test.app */;
			productType = "com.apple.product-type.application";
		};
		6BF530222442C7A4008E9B85 /* TestTests */ = {
			isa = PBXNativeTarget;
			buildConfigurationList = 6BF5303A2442C7A4008E9B85 /* Build configuration list for PBXNativeTarget "TestTests" */;
			buildPhases = (
				6BF5301F2442C7A4008E9B85 /* Sources */,
				6BF530202442C7A4008E9B85 /* Frameworks */,
				6BF530212442C7A4008E9B85 /* Resources */,
			);
			buildRules = (
			);
			dependencies = (
				6BF530252442C7A4008E9B85 /* PBXTargetDependency */,
			);
			name = TestTests;
			productName = TestTests;
			productReference = 6BF530232442C7A4008E9B85 /* TestTests.xctest */;
			productType = "com.apple.product-type.bundle.unit-test";
		};
		6BF5302D2442C7A4008E9B85 /* TestUITests */ = {
			isa = PBXNativeTarget;
			buildConfigurationList = 6BF5303D2442C7A4008E9B85 /* Build configuration list for PBXNativeTarget "TestUITests" */;
			buildPhases = (
				6BF5302A2442C7A4008E9B85 /* Sources */,
				6BF5302B2442C7A4008E9B85 /* Frameworks */,
				6BF5302C2442C7A4008E9B85 /* Resources */,
			);
			buildRules = (
			);
			dependencies = (
				6BF530302442C7A4008E9B85 /* PBXTargetDependency */,
			);
			name = TestUITests;
			productName = TestUITests;
			productReference = 6BF5302E2442C7A4008E9B85 /* TestUITests.xctest */;
			productType = "com.apple.product-type.bundle.ui-testing";
		};
/* End PBXNativeTarget section */

/* Begin PBXProject section */
		6BF530002442C7A2008E9B85 /* Project object */ = {
			isa = PBXProject;
			attributes = {
				LastUpgradeCheck = 1130;
				ORGANIZATIONNAME = admin;
				TargetAttributes = {
					6BF530072442C7A2008E9B85 = {
						CreatedOnToolsVersion = 11.3.1;
					};
					6BF530222442C7A4008E9B85 = {
						CreatedOnToolsVersion = 11.3.1;
						TestTargetID = 6BF530072442C7A2008E9B85;
					};
					6BF5302D2442C7A4008E9B85 = {
						CreatedOnToolsVersion = 11.3.1;
						TestTargetID = 6BF530072442C7A2008E9B85;
					};
				};
			};
			buildConfigurationList = 6BF530032442C7A2008E9B85 /* Build configuration list for PBXProject "Test" */;
			compatibilityVersion = "Xcode 9.3";
			developmentRegion = en;
			hasScannedForEncodings = 0;
			knownRegions = (
				en,
				Base,
			);
			mainGroup = 6BF52FFF2442C7A2008E9B85;
			productRefGroup = 6BF530092442C7A2008E9B85 /* Products */;
			projectDirPath = "";
			projectRoot = "";
			targets = (
				6BF530072442C7A2008E9B85 /* Test */,
				6BF530222442C7A4008E9B85 /* TestTests */,
				6BF5302D2442C7A4008E9B85 /* TestUITests */,
			);
		};
/* End PBXProject section */

/* Begin PBXResourcesBuildPhase section */
		6BF530062442C7A2008E9B85 /* Resources */ = {
			isa = PBXResourcesBuildPhase;
			buildActionMask = 2147483647;
			files = (
				6BF5304C2442C934008E9B85 /* mbprogress_fail@2x.png in Resources */,
				6BF5301B2442C7A4008E9B85 /* LaunchScreen.storyboard in Resources */,
				6BF5304E2442C934008E9B85 /* mbprogress_success@3x.png in Resources */,
				6BF530182442C7A4008E9B85 /* Assets.xcassets in Resources */,
				6BF530532442D0FE008E9B85 /* TestViewCell.xib in Resources */,
				6BF530162442C7A2008E9B85 /* Main.storyboard in Resources */,
				6BF5304D2442C934008E9B85 /* mbprogress_success@2x.png in Resources */,
				6BF5304A2442C934008E9B85 /* mbprogress_fail@3x.png in Resources */,
			);
			runOnlyForDeploymentPostprocessing = 0;
		};
		6BF530212442C7A4008E9B85 /* Resources */ = {
			isa = PBXResourcesBuildPhase;
			buildActionMask = 2147483647;
			files = (
			);
			runOnlyForDeploymentPostprocessing = 0;
		};
		6BF5302C2442C7A4008E9B85 /* Resources */ = {
			isa = PBXResourcesBuildPhase;
			buildActionMask = 2147483647;
			files = (
			);
			runOnlyForDeploymentPostprocessing = 0;
		};
/* End PBXResourcesBuildPhase section */

/* Begin PBXShellScriptBuildPhase section */
		1B322EE3FDAAE0D176FC40D2 /* [CP] Copy Pods Resources */ = {
			isa = PBXShellScriptBuildPhase;
			buildActionMask = 2147483647;
			files = (
			);
			inputFileListPaths = (
				"${PODS_ROOT}/Target Support Files/Pods-Test/Pods-Test-resources-${CONFIGURATION}-input-files.xcfilelist",
			);
			name = "[CP] Copy Pods Resources";
			outputFileListPaths = (
				"${PODS_ROOT}/Target Support Files/Pods-Test/Pods-Test-resources-${CONFIGURATION}-output-files.xcfilelist",
			);
			runOnlyForDeploymentPostprocessing = 0;
			shellPath = /bin/sh;
			shellScript = "\"${PODS_ROOT}/Target Support Files/Pods-Test/Pods-Test-resources.sh\"\n";
			showEnvVarsInLog = 0;
		};
		F309B27783559905D9A5E715 /* [CP] Check Pods Manifest.lock */ = {
			isa = PBXShellScriptBuildPhase;
			buildActionMask = 2147483647;
			files = (
			);
			inputFileListPaths = (
			);
			inputPaths = (
				"${PODS_PODFILE_DIR_PATH}/Podfile.lock",
				"${PODS_ROOT}/Manifest.lock",
			);
			name = "[CP] Check Pods Manifest.lock";
			outputFileListPaths = (
			);
			outputPaths = (
				"$(DERIVED_FILE_DIR)/Pods-Test-checkManifestLockResult.txt",
			);
			runOnlyForDeploymentPostprocessing = 0;
			shellPath = /bin/sh;
			shellScript = "diff \"${PODS_PODFILE_DIR_PATH}/Podfile.lock\" \"${PODS_ROOT}/Manifest.lock\" > /dev/null\nif [ $? != 0 ] ; then\n    # print error to STDERR\n    echo \"error: The sandbox is not in sync with the Podfile.lock. Run 'pod install' or update your CocoaPods installation.\" >&2\n    exit 1\nfi\n# This output is used by Xcode 'outputs' to avoid re-running this script phase.\necho \"SUCCESS\" > \"${SCRIPT_OUTPUT_FILE_0}\"\n";
			showEnvVarsInLog = 0;
		};
/* End PBXShellScriptBuildPhase section */

/* Begin PBXSourcesBuildPhase section */
		6BF530042442C7A2008E9B85 /* Sources */ = {
			isa = PBXSourcesBuildPhase;
			buildActionMask = 2147483647;
			files = (
				6BF530422442C88D008E9B85 /* LLNetworkManagerTool.m in Sources */,
				6BF530132442C7A2008E9B85 /* ViewController.m in Sources */,
				6BF5300D2442C7A2008E9B85 /* AppDelegate.m in Sources */,
				6BF530522442D0FE008E9B85 /* TestViewCell.m in Sources */,
				6BF5304B2442C934008E9B85 /* MBProgressHUD+LL.m in Sources */,
				6BF5301E2442C7A4008E9B85 /* main.m in Sources */,
				6BF530102442C7A2008E9B85 /* SceneDelegate.m in Sources */,
				6BF530562442D2B4008E9B85 /* TestModel.m in Sources */,
			);
			runOnlyForDeploymentPostprocessing = 0;
		};
		6BF5301F2442C7A4008E9B85 /* Sources */ = {
			isa = PBXSourcesBuildPhase;
			buildActionMask = 2147483647;
			files = (
				6BF530282442C7A4008E9B85 /* TestTests.m in Sources */,
			);
			runOnlyForDeploymentPostprocessing = 0;
		};
		6BF5302A2442C7A4008E9B85 /* Sources */ = {
			isa = PBXSourcesBuildPhase;
			buildActionMask = 2147483647;
			files = (
				6BF530332442C7A4008E9B85 /* TestUITests.m in Sources */,
			);
			runOnlyForDeploymentPostprocessing = 0;
		};
/* End PBXSourcesBuildPhase section */

/* Begin PBXTargetDependency section */
		6BF530252442C7A4008E9B85 /* PBXTargetDependency */ = {
			isa = PBXTargetDependency;
			target = 6BF530072442C7A2008E9B85 /* Test */;
			targetProxy = 6BF530242442C7A4008E9B85 /* PBXContainerItemProxy */;
		};
		6BF530302442C7A4008E9B85 /* PBXTargetDependency */ = {
			isa = PBXTargetDependency;
			target = 6BF530072442C7A2008E9B85 /* Test */;
			targetProxy = 6BF5302F2442C7A4008E9B85 /* PBXContainerItemProxy */;
		};
/* End PBXTargetDependency section */

/* Begin PBXVariantGroup section */
		6BF530142442C7A2008E9B85 /* Main.storyboard */ = {
			isa = PBXVariantGroup;
			children = (
				6BF530152442C7A2008E9B85 /* Base */,
			);
			name = Main.storyboard;
			sourceTree = "<group>";
		};
		6BF530192442C7A4008E9B85 /* LaunchScreen.storyboard */ = {
			isa = PBXVariantGroup;
			children = (
				6BF5301A2442C7A4008E9B85 /* Base */,
			);
			name = LaunchScreen.storyboard;
			sourceTree = "<group>";
		};
/* End PBXVariantGroup section */

/* Begin XCBuildConfiguration section */
		6BF530352442C7A4008E9B85 /* Debug */ = {
			isa = XCBuildConfiguration;
			buildSettings = {
				ALWAYS_SEARCH_USER_PATHS = NO;
				CLANG_ANALYZER_NONNULL = YES;
				CLANG_ANALYZER_NUMBER_OBJECT_CONVERSION = YES_AGGRESSIVE;
				CLANG_CXX_LANGUAGE_STANDARD = "gnu++14";
				CLANG_CXX_LIBRARY = "libc++";
				CLANG_ENABLE_MODULES = YES;
				CLANG_ENABLE_OBJC_ARC = YES;
				CLANG_ENABLE_OBJC_WEAK = YES;
				CLANG_WARN_BLOCK_CAPTURE_AUTORELEASING = YES;
				CLANG_WARN_BOOL_CONVERSION = YES;
				CLANG_WARN_COMMA = YES;
				CLANG_WARN_CONSTANT_CONVERSION = YES;
				CLANG_WARN_DEPRECATED_OBJC_IMPLEMENTATIONS = YES;
				CLANG_WARN_DIRECT_OBJC_ISA_USAGE = YES_ERROR;
				CLANG_WARN_DOCUMENTATION_COMMENTS = YES;
				CLANG_WARN_EMPTY_BODY = YES;
				CLANG_WARN_ENUM_CONVERSION = YES;
				CLANG_WARN_INFINITE_RECURSION = YES;
				CLANG_WARN_INT_CONVERSION = YES;
				CLANG_WARN_NON_LITERAL_NULL_CONVERSION = YES;
				CLANG_WARN_OBJC_IMPLICIT_RETAIN_SELF = YES;
				CLANG_WARN_OBJC_LITERAL_CONVERSION = YES;
				CLANG_WARN_OBJC_ROOT_CLASS = YES_ERROR;
				CLANG_WARN_RANGE_LOOP_ANALYSIS = YES;
				CLANG_WARN_STRICT_PROTOTYPES = YES;
				CLANG_WARN_SUSPICIOUS_MOVE = YES;
				CLANG_WARN_UNGUARDED_AVAILABILITY = YES_AGGRESSIVE;
				CLANG_WARN_UNREACHABLE_CODE = YES;
				CLANG_WARN__DUPLICATE_METHOD_MATCH = YES;
				COPY_PHASE_STRIP = NO;
				DEBUG_INFORMATION_FORMAT = dwarf;
				ENABLE_STRICT_OBJC_MSGSEND = YES;
				ENABLE_TESTABILITY = YES;
				GCC_C_LANGUAGE_STANDARD = gnu11;
				GCC_DYNAMIC_NO_PIC = NO;
				GCC_NO_COMMON_BLOCKS = YES;
				GCC_OPTIMIZATION_LEVEL = 0;
				GCC_PREPROCESSOR_DEFINITIONS = (
					"DEBUG=1",
					"$(inherited)",
				);
				GCC_WARN_64_TO_32_BIT_CONVERSION = YES;
				GCC_WARN_ABOUT_RETURN_TYPE = YES_ERROR;
				GCC_WARN_UNDECLARED_SELECTOR = YES;
				GCC_WARN_UNINITIALIZED_AUTOS = YES_AGGRESSIVE;
				GCC_WARN_UNUSED_FUNCTION = YES;
				GCC_WARN_UNUSED_VARIABLE = YES;
				IPHONEOS_DEPLOYMENT_TARGET = 13.2;
				MTL_ENABLE_DEBUG_INFO = INCLUDE_SOURCE;
				MTL_FAST_MATH = YES;
				ONLY_ACTIVE_ARCH = YES;
				SDKROOT = iphoneos;
			};
			name = Debug;
		};
		6BF530362442C7A4008E9B85 /* Release */ = {
			isa = XCBuildConfiguration;
			buildSettings = {
				ALWAYS_SEARCH_USER_PATHS = NO;
				CLANG_ANALYZER_NONNULL = YES;
				CLANG_ANALYZER_NUMBER_OBJECT_CONVERSION = YES_AGGRESSIVE;
				CLANG_CXX_LANGUAGE_STANDARD = "gnu++14";
				CLANG_CXX_LIBRARY = "libc++";
				CLANG_ENABLE_MODULES = YES;
				CLANG_ENABLE_OBJC_ARC = YES;
				CLANG_ENABLE_OBJC_WEAK = YES;
				CLANG_WARN_BLOCK_CAPTURE_AUTORELEASING = YES;
				CLANG_WARN_BOOL_CONVERSION = YES;
				CLANG_WARN_COMMA = YES;
				CLANG_WARN_CONSTANT_CONVERSION = YES;
				CLANG_WARN_DEPRECATED_OBJC_IMPLEMENTATIONS = YES;
				CLANG_WARN_DIRECT_OBJC_ISA_USAGE = YES_ERROR;
				CLANG_WARN_DOCUMENTATION_COMMENTS = YES;
				CLANG_WARN_EMPTY_BODY = YES;
				CLANG_WARN_ENUM_CONVERSION = YES;
				CLANG_WARN_INFINITE_RECURSION = YES;
				CLANG_WARN_INT_CONVERSION = YES;
				CLANG_WARN_NON_LITERAL_NULL_CONVERSION = YES;
				CLANG_WARN_OBJC_IMPLICIT_RETAIN_SELF = YES;
				CLANG_WARN_OBJC_LITERAL_CONVERSION = YES;
				CLANG_WARN_OBJC_ROOT_CLASS = YES_ERROR;
				CLANG_WARN_RANGE_LOOP_ANALYSIS = YES;
				CLANG_WARN_STRICT_PROTOTYPES = YES;
				CLANG_WARN_SUSPICIOUS_MOVE = YES;
				CLANG_WARN_UNGUARDED_AVAILABILITY = YES_AGGRESSIVE;
				CLANG_WARN_UNREACHABLE_CODE = YES;
				CLANG_WARN__DUPLICATE_METHOD_MATCH = YES;
				COPY_PHASE_STRIP = NO;
				DEBUG_INFORMATION_FORMAT = "dwarf-with-dsym";
				ENABLE_NS_ASSERTIONS = NO;
				ENABLE_STRICT_OBJC_MSGSEND = YES;
				GCC_C_LANGUAGE_STANDARD = gnu11;
				GCC_NO_COMMON_BLOCKS = YES;
				GCC_WARN_64_TO_32_BIT_CONVERSION = YES;
				GCC_WARN_ABOUT_RETURN_TYPE = YES_ERROR;
				GCC_WARN_UNDECLARED_SELECTOR = YES;
				GCC_WARN_UNINITIALIZED_AUTOS = YES_AGGRESSIVE;
				GCC_WARN_UNUSED_FUNCTION = YES;
				GCC_WARN_UNUSED_VARIABLE = YES;
				IPHONEOS_DEPLOYMENT_TARGET = 13.2;
				MTL_ENABLE_DEBUG_INFO = NO;
				MTL_FAST_MATH = YES;
				SDKROOT = iphoneos;
				VALIDATE_PRODUCT = YES;
			};
			name = Release;
		};
		6BF530382442C7A4008E9B85 /* Debug */ = {
			isa = XCBuildConfiguration;
			baseConfigurationReference = 20B1A47F1ADF5E9D3C1EA332 /* Pods-Test.debug.xcconfig */;
			buildSettings = {
				ASSETCATALOG_COMPILER_APPICON_NAME = AppIcon;
				CODE_SIGN_STYLE = Automatic;
				INFOPLIST_FILE = Test/Info.plist;
				LD_RUNPATH_SEARCH_PATHS = (
					"$(inherited)",
					"@executable_path/Frameworks",
				);
				PRODUCT_BUNDLE_IDENTIFIER = com.ll.test.Test;
				PRODUCT_NAME = "$(TARGET_NAME)";
				TARGETED_DEVICE_FAMILY = "1,2";
			};
			name = Debug;
		};
		6BF530392442C7A4008E9B85 /* Release */ = {
			isa = XCBuildConfiguration;
			baseConfigurationReference = B0C58BC82E4BCF09329AF23A /* Pods-Test.release.xcconfig */;
			buildSettings = {
				ASSETCATALOG_COMPILER_APPICON_NAME = AppIcon;
				CODE_SIGN_STYLE = Automatic;
				INFOPLIST_FILE = Test/Info.plist;
				LD_RUNPATH_SEARCH_PATHS = (
					"$(inherited)",
					"@executable_path/Frameworks",
				);
				PRODUCT_BUNDLE_IDENTIFIER = com.ll.test.Test;
				PRODUCT_NAME = "$(TARGET_NAME)";
				TARGETED_DEVICE_FAMILY = "1,2";
			};
			name = Release;
		};
		6BF5303B2442C7A4008E9B85 /* Debug */ = {
			isa = XCBuildConfiguration;
			buildSettings = {
				BUNDLE_LOADER = "$(TEST_HOST)";
				CODE_SIGN_STYLE = Automatic;
				INFOPLIST_FILE = TestTests/Info.plist;
				IPHONEOS_DEPLOYMENT_TARGET = 13.2;
				LD_RUNPATH_SEARCH_PATHS = (
					"$(inherited)",
					"@executable_path/Frameworks",
					"@loader_path/Frameworks",
				);
				PRODUCT_BUNDLE_IDENTIFIER = com.ll.test.TestTests;
				PRODUCT_NAME = "$(TARGET_NAME)";
				TARGETED_DEVICE_FAMILY = "1,2";
				TEST_HOST = "$(BUILT_PRODUCTS_DIR)/Test.app/Test";
			};
			name = Debug;
		};
		6BF5303C2442C7A4008E9B85 /* Release */ = {
			isa = XCBuildConfiguration;
			buildSettings = {
				BUNDLE_LOADER = "$(TEST_HOST)";
				CODE_SIGN_STYLE = Automatic;
				INFOPLIST_FILE = TestTests/Info.plist;
				IPHONEOS_DEPLOYMENT_TARGET = 13.2;
				LD_RUNPATH_SEARCH_PATHS = (
					"$(inherited)",
					"@executable_path/Frameworks",
					"@loader_path/Frameworks",
				);
				PRODUCT_BUNDLE_IDENTIFIER = com.ll.test.TestTests;
				PRODUCT_NAME = "$(TARGET_NAME)";
				TARGETED_DEVICE_FAMILY = "1,2";
				TEST_HOST = "$(BUILT_PRODUCTS_DIR)/Test.app/Test";
			};
			name = Release;
		};
		6BF5303E2442C7A4008E9B85 /* Debug */ = {
			isa = XCBuildConfiguration;
			buildSettings = {
				CODE_SIGN_STYLE = Automatic;
				INFOPLIST_FILE = TestUITests/Info.plist;
				LD_RUNPATH_SEARCH_PATHS = (
					"$(inherited)",
					"@executable_path/Frameworks",
					"@loader_path/Frameworks",
				);
				PRODUCT_BUNDLE_IDENTIFIER = com.ll.test.TestUITests;
				PRODUCT_NAME = "$(TARGET_NAME)";
				TARGETED_DEVICE_FAMILY = "1,2";
				TEST_TARGET_NAME = Test;
			};
			name = Debug;
		};
		6BF5303F2442C7A4008E9B85 /* Release */ = {
			isa = XCBuildConfiguration;
			buildSettings = {
				CODE_SIGN_STYLE = Automatic;
				INFOPLIST_FILE = TestUITests/Info.plist;
				LD_RUNPATH_SEARCH_PATHS = (
					"$(inherited)",
					"@executable_path/Frameworks",
					"@loader_path/Frameworks",
				);
				PRODUCT_BUNDLE_IDENTIFIER = com.ll.test.TestUITests;
				PRODUCT_NAME = "$(TARGET_NAME)";
				TARGETED_DEVICE_FAMILY = "1,2";
				TEST_TARGET_NAME = Test;
			};
			name = Release;
		};
/* End XCBuildConfiguration section */

/* Begin XCConfigurationList section */
		6BF530032442C7A2008E9B85 /* Build configuration list for PBXProject "Test" */ = {
			isa = XCConfigurationList;
			buildConfigurations = (
				6BF530352442C7A4008E9B85 /* Debug */,
				6BF530362442C7A4008E9B85 /* Release */,
			);
			defaultConfigurationIsVisible = 0;
			defaultConfigurationName = Release;
		};
		6BF530372442C7A4008E9B85 /* Build configuration list for PBXNativeTarget "Test" */ = {
			isa = XCConfigurationList;
			buildConfigurations = (
				6BF530382442C7A4008E9B85 /* Debug */,
				6BF530392442C7A4008E9B85 /* Release */,
			);
			defaultConfigurationIsVisible = 0;
			defaultConfigurationName = Release;
		};
		6BF5303A2442C7A4008E9B85 /* Build configuration list for PBXNativeTarget "TestTests" */ = {
			isa = XCConfigurationList;
			buildConfigurations = (
				6BF5303B2442C7A4008E9B85 /* Debug */,
				6BF5303C2442C7A4008E9B85 /* Release */,
			);
			defaultConfigurationIsVisible = 0;
			defaultConfigurationName = Release;
		};
		6BF5303D2442C7A4008E9B85 /* Build configuration list for PBXNativeTarget "TestUITests" */ = {
			isa = XCConfigurationList;
			buildConfigurations = (
				6BF5303E2442C7A4008E9B85 /* Debug */,
				6BF5303F2442C7A4008E9B85 /* Release */,
			);
			defaultConfigurationIsVisible = 0;
			defaultConfigurationName = Release;
		};
/* End XCConfigurationList section */
	};
	rootObject = 6BF530002442C7A2008E9B85 /* Project object */;
}
